
Microsoft Visual Studio Solution File, Format Version 12.00
# Visual Studio 2012
Project("{CC5FD16D-436D-48AD-A40C-5A424C6E3E79}") = "Mystic", "Mystic.ccproj", "{BCA688AF-985D-4E37-8DB1-D7CC7B331F3C}"
EndProject
Project("{FAE04EC0-301F-11D3-BF4B-00C04F79EFBC}") = "Mystic.Web.UI", "Mystic.UI\Mystic.Web.UI.csproj", "{F4C82870-D974-49BA-9622-001A31E6280C}"
EndProject
Project("{FAE04EC0-301F-11D3-BF4B-00C04F79EFBC}") = "Mystic.Web.UI.Tests", "Mystic.UI.Tests\Mystic.Web.UI.Tests.csproj", "{A81B9CEE-11B7-46CD-9821-2E6F2B36682E}"
EndProject
Project("{FAE04EC0-301F-11D3-BF4B-00C04F79EFBC}") = "Mystic.Service.REST", "Mystic.Data\Mystic.Service.REST.csproj", "{3ABD9C24-5CBE-49DE-9D44-67AA1372A062}"
EndProject
Project("{FAE04EC0-301F-11D3-BF4B-00C04F79EFBC}") = "Mystic.Data.Cache", "Mystic.Cache\Mystic.Data.Cache.csproj", "{A7D6F5B4-9DAA-450F-898D-A3A6A4D5C98D}"
EndProject
Project("{FAE04EC0-301F-11D3-BF4B-00C04F79EFBC}") = "Mystic.Common", "..\Mystic.Common\Mystic.Common.csproj", "{ADB6B807-9FAF-4234-A2C7-EDEEBB7E79E5}"
EndProject
Project("{FAE04EC0-301F-11D3-BF4B-00C04F79EFBC}") = "Mystic.DAL", "Mystic.DAL\Mystic.DAL.csproj", "{989DEB64-577D-4628-889A-285C21F34957}"
EndProject
Global
	GlobalSection(SolutionConfigurationPlatforms) = preSolution
		Debug|Any CPU = Debug|Any CPU
		Release|Any CPU = Release|Any CPU
	EndGlobalSection
	GlobalSection(ProjectConfigurationPlatforms) = postSolution
		{BCA688AF-985D-4E37-8DB1-D7CC7B331F3C}.Debug|Any CPU.ActiveCfg = Debug|Any CPU
		{BCA688AF-985D-4E37-8DB1-D7CC7B331F3C}.Debug|Any CPU.Build.0 = Debug|Any CPU
		{BCA688AF-985D-4E37-8DB1-D7CC7B331F3C}.Release|Any CPU.ActiveCfg = Release|Any CPU
		{BCA688AF-985D-4E37-8DB1-D7CC7B331F3C}.Release|Any CPU.Build.0 = Release|Any CPU
		{F4C82870-D974-49BA-9622-001A31E6280C}.Debug|Any CPU.ActiveCfg = Debug|Any CPU
		{F4C82870-D974-49BA-9622-001A31E6280C}.Debug|Any CPU.Build.0 = Debug|Any CPU
		{F4C82870-D974-49BA-9622-001A31E6280C}.Release|Any CPU.ActiveCfg = Release|Any CPU
		{F4C82870-D974-49BA-9622-001A31E6280C}.Release|Any CPU.Build.0 = Release|Any CPU
		{A81B9CEE-11B7-46CD-9821-2E6F2B36682E}.Debug|Any CPU.ActiveCfg = Debug|Any CPU
		{A81B9CEE-11B7-46CD-9821-2E6F2B36682E}.Debug|Any CPU.Build.0 = Debug|Any CPU
		{A81B9CEE-11B7-46CD-9821-2E6F2B36682E}.Release|Any CPU.ActiveCfg = Release|Any CPU
		{A81B9CEE-11B7-46CD-9821-2E6F2B36682E}.Release|Any CPU.Build.0 = Release|Any CPU
		{3ABD9C24-5CBE-49DE-9D44-67AA1372A062}.Debug|Any CPU.ActiveCfg = Debug|Any CPU
		{3ABD9C24-5CBE-49DE-9D44-67AA1372A062}.Debug|Any CPU.Build.0 = Debug|Any CPU
		{3ABD9C24-5CBE-49DE-9D44-67AA1372A062}.Release|Any CPU.ActiveCfg = Release|Any CPU
		{3ABD9C24-5CBE-49DE-9D44-67AA1372A062}.Release|Any CPU.Build.0 = Release|Any CPU
		{A7D6F5B4-9DAA-450F-898D-A3A6A4D5C98D}.Debug|Any CPU.ActiveCfg = Debug|Any CPU
		{A7D6F5B4-9DAA-450F-898D-A3A6A4D5C98D}.Debug|Any CPU.Build.0 = Debug|Any CPU
		{A7D6F5B4-9DAA-450F-898D-A3A6A4D5C98D}.Release|Any CPU.ActiveCfg = Release|Any CPU
		{A7D6F5B4-9DAA-450F-898D-A3A6A4D5C98D}.Release|Any CPU.Build.0 = Release|Any CPU
		{ADB6B807-9FAF-4234-A2C7-EDEEBB7E79E5}.Debug|Any CPU.ActiveCfg = Debug|Any CPU
		{ADB6B807-9FAF-4234-A2C7-EDEEBB7E79E5}.Debug|Any CPU.Build.0 = Debug|Any CPU
		{ADB6B807-9FAF-4234-A2C7-EDEEBB7E79E5}.Release|Any CPU.ActiveCfg = Release|Any CPU
		{ADB6B807-9FAF-4234-A2C7-EDEEBB7E79E5}.Release|Any CPU.Build.0 = Release|Any CPU
		{989DEB64-577D-4628-889A-285C21F34957}.Debug|Any CPU.ActiveCfg = Debug|Any CPU
		{989DEB64-577D-4628-889A-285C21F34957}.Debug|Any CPU.Build.0 = Debug|Any CPU
		{989DEB64-577D-4628-889A-285C21F34957}.Release|Any CPU.ActiveCfg = Release|Any CPU
		{989DEB64-577D-4628-889A-285C21F34957}.Release|Any CPU.Build.0 = Release|Any CPU
	EndGlobalSection
	GlobalSection(SolutionProperties) = preSolution
		HideSolutionNode = FALSE
	EndGlobalSection
EndGlobal
